// !$*UTF8*$!
{
	archiveVersion = 1;
	classes = {
	};
	objectVersion = 46;
	objects = {

/* Begin PBXBuildFile section */
		CB187C161AF2A760000311F6 /* Bolts.framework in Frameworks */ = {isa = PBXBuildFile; fileRef = CB187C141AF2A760000311F6 /* Bolts.framework */; };
		CB187C171AF2A760000311F6 /* Parse.framework in Frameworks */ = {isa = PBXBuildFile; fileRef = CB187C151AF2A760000311F6 /* Parse.framework */; };
		CB187C1A1AF2A7F0000311F6 /* AudioToolbox.framework in Frameworks */ = {isa = PBXBuildFile; fileRef = CB187C191AF2A7F0000311F6 /* AudioToolbox.framework */; };
		CB187C1C1AF2A7F8000311F6 /* CFNetwork.framework in Frameworks */ = {isa = PBXBuildFile; fileRef = CB187C1B1AF2A7F8000311F6 /* CFNetwork.framework */; };
		CB187C1E1AF2A803000311F6 /* CoreGraphics.framework in Frameworks */ = {isa = PBXBuildFile; fileRef = CB187C1D1AF2A803000311F6 /* CoreGraphics.framework */; };
		CB187C201AF2A80D000311F6 /* CoreLocation.framework in Frameworks */ = {isa = PBXBuildFile; fileRef = CB187C1F1AF2A80D000311F6 /* CoreLocation.framework */; };
		CB187C221AF2A818000311F6 /* MobileCoreServices.framework in Frameworks */ = {isa = PBXBuildFile; fileRef = CB187C211AF2A818000311F6 /* MobileCoreServices.framework */; };
		CB187C241AF2A821000311F6 /* QuartzCore.framework in Frameworks */ = {isa = PBXBuildFile; fileRef = CB187C231AF2A821000311F6 /* QuartzCore.framework */; };
		CB187C261AF2A82A000311F6 /* Security.framework in Frameworks */ = {isa = PBXBuildFile; fileRef = CB187C251AF2A82A000311F6 /* Security.framework */; };
		CB187C281AF2A834000311F6 /* StoreKit.framework in Frameworks */ = {isa = PBXBuildFile; fileRef = CB187C271AF2A834000311F6 /* StoreKit.framework */; };
		CB187C2A1AF2A83D000311F6 /* SystemConfiguration.framework in Frameworks */ = {isa = PBXBuildFile; fileRef = CB187C291AF2A83D000311F6 /* SystemConfiguration.framework */; };
		CB187C2C1AF2A84C000311F6 /* libz.dylib in Frameworks */ = {isa = PBXBuildFile; fileRef = CB187C2B1AF2A84C000311F6 /* libz.dylib */; };
		CB187C2E1AF2A85A000311F6 /* libsqlite3.dylib in Frameworks */ = {isa = PBXBuildFile; fileRef = CB187C2D1AF2A85A000311F6 /* libsqlite3.dylib */; };
		CB27C91A1AFABC7300DF3B61 /* QRBaseViewController.swift in Sources */ = {isa = PBXBuildFile; fileRef = CB27C9191AFABC7300DF3B61 /* QRBaseViewController.swift */; };
		CB2F5DC21AE7173800A1E0A6 /* AppDelegate.swift in Sources */ = {isa = PBXBuildFile; fileRef = CB2F5DC11AE7173800A1E0A6 /* AppDelegate.swift */; };
		CB2F5DC51AE7173900A1E0A6 /* ContributionCenter.xcdatamodeld in Sources */ = {isa = PBXBuildFile; fileRef = CB2F5DC31AE7173900A1E0A6 /* ContributionCenter.xcdatamodeld */; };
		CB2F5DCA1AE7173A00A1E0A6 /* Main.storyboard in Resources */ = {isa = PBXBuildFile; fileRef = CB2F5DC81AE7173A00A1E0A6 /* Main.storyboard */; };
		CB2F5DCC1AE7173B00A1E0A6 /* Images.xcassets in Resources */ = {isa = PBXBuildFile; fileRef = CB2F5DCB1AE7173B00A1E0A6 /* Images.xcassets */; };
		CB2F5DCF1AE7173B00A1E0A6 /* LaunchScreen.xib in Resources */ = {isa = PBXBuildFile; fileRef = CB2F5DCD1AE7173B00A1E0A6 /* LaunchScreen.xib */; };
		CB2F5DDB1AE7173B00A1E0A6 /* ContributionCenterTests.swift in Sources */ = {isa = PBXBuildFile; fileRef = CB2F5DDA1AE7173B00A1E0A6 /* ContributionCenterTests.swift */; };
		CB6AEFFE1AF5FCC900529859 /* AuthenticatedViewController.swift in Sources */ = {isa = PBXBuildFile; fileRef = CB6AEFFD1AF5FCC900529859 /* AuthenticatedViewController.swift */; };
		CB6AF0001AF6C93900529859 /* QRAuthenticationViewController.swift in Sources */ = {isa = PBXBuildFile; fileRef = CB6AEFFF1AF6C93900529859 /* QRAuthenticationViewController.swift */; };
		CB6CE8C01AFBCDDB00AC8897 /* MenuViewController.swift in Sources */ = {isa = PBXBuildFile; fileRef = CB6CE8BF1AFBCDDB00AC8897 /* MenuViewController.swift */; };
		CB6EF5E61AEAD02100508E2F /* LogInViewController.swift in Sources */ = {isa = PBXBuildFile; fileRef = CB6EF5E51AEAD02100508E2F /* LogInViewController.swift */; };
		CB81E3C31AFAD5D800D79DC0 /* QRGenerator.swift in Sources */ = {isa = PBXBuildFile; fileRef = CB81E3C21AFAD5D800D79DC0 /* QRGenerator.swift */; };
		CBDDD57F1AFDDC4D009D3068 /* AVSideBarController.swift in Sources */ = {isa = PBXBuildFile; fileRef = CBDDD57E1AFDDC4D009D3068 /* AVSideBarController.swift */; };
/* End PBXBuildFile section */

/* Begin PBXContainerItemProxy section */
		CB2F5DD51AE7173B00A1E0A6 /* PBXContainerItemProxy */ = {
			isa = PBXContainerItemProxy;
			containerPortal = CB2F5DB41AE7173700A1E0A6 /* Project object */;
			proxyType = 1;
			remoteGlobalIDString = CB2F5DBB1AE7173800A1E0A6;
			remoteInfo = ContributionCenter;
		};
/* End PBXContainerItemProxy section */

/* Begin PBXFileReference section */
		CB187C141AF2A760000311F6 /* Bolts.framework */ = {isa = PBXFileReference; lastKnownFileType = wrapper.framework; path = Bolts.framework; sourceTree = "<group>"; };
		CB187C151AF2A760000311F6 /* Parse.framework */ = {isa = PBXFileReference; lastKnownFileType = wrapper.framework; path = Parse.framework; sourceTree = "<group>"; };
		CB187C191AF2A7F0000311F6 /* AudioToolbox.framework */ = {isa = PBXFileReference; lastKnownFileType = wrapper.framework; name = AudioToolbox.framework; path = System/Library/Frameworks/AudioToolbox.framework; sourceTree = SDKROOT; };
		CB187C1B1AF2A7F8000311F6 /* CFNetwork.framework */ = {isa = PBXFileReference; lastKnownFileType = wrapper.framework; name = CFNetwork.framework; path = System/Library/Frameworks/CFNetwork.framework; sourceTree = SDKROOT; };
		CB187C1D1AF2A803000311F6 /* CoreGraphics.framework */ = {isa = PBXFileReference; lastKnownFileType = wrapper.framework; name = CoreGraphics.framework; path = System/Library/Frameworks/CoreGraphics.framework; sourceTree = SDKROOT; };
		CB187C1F1AF2A80D000311F6 /* CoreLocation.framework */ = {isa = PBXFileReference; lastKnownFileType = wrapper.framework; name = CoreLocation.framework; path = System/Library/Frameworks/CoreLocation.framework; sourceTree = SDKROOT; };
		CB187C211AF2A818000311F6 /* MobileCoreServices.framework */ = {isa = PBXFileReference; lastKnownFileType = wrapper.framework; name = MobileCoreServices.framework; path = System/Library/Frameworks/MobileCoreServices.framework; sourceTree = SDKROOT; };
		CB187C231AF2A821000311F6 /* QuartzCore.framework */ = {isa = PBXFileReference; lastKnownFileType = wrapper.framework; name = QuartzCore.framework; path = System/Library/Frameworks/QuartzCore.framework; sourceTree = SDKROOT; };
		CB187C251AF2A82A000311F6 /* Security.framework */ = {isa = PBXFileReference; lastKnownFileType = wrapper.framework; name = Security.framework; path = System/Library/Frameworks/Security.framework; sourceTree = SDKROOT; };
		CB187C271AF2A834000311F6 /* StoreKit.framework */ = {isa = PBXFileReference; lastKnownFileType = wrapper.framework; name = StoreKit.framework; path = System/Library/Frameworks/StoreKit.framework; sourceTree = SDKROOT; };
		CB187C291AF2A83D000311F6 /* SystemConfiguration.framework */ = {isa = PBXFileReference; lastKnownFileType = wrapper.framework; name = SystemConfiguration.framework; path = System/Library/Frameworks/SystemConfiguration.framework; sourceTree = SDKROOT; };
		CB187C2B1AF2A84C000311F6 /* libz.dylib */ = {isa = PBXFileReference; lastKnownFileType = "compiled.mach-o.dylib"; name = libz.dylib; path = usr/lib/libz.dylib; sourceTree = SDKROOT; };
		CB187C2D1AF2A85A000311F6 /* libsqlite3.dylib */ = {isa = PBXFileReference; lastKnownFileType = "compiled.mach-o.dylib"; name = libsqlite3.dylib; path = usr/lib/libsqlite3.dylib; sourceTree = SDKROOT; };
		CB27C9191AFABC7300DF3B61 /* QRBaseViewController.swift */ = {isa = PBXFileReference; fileEncoding = 4; lastKnownFileType = sourcecode.swift; path = QRBaseViewController.swift; sourceTree = "<group>"; };
		CB2F5DBC1AE7173800A1E0A6 /* ContributionCenter.app */ = {isa = PBXFileReference; explicitFileType = wrapper.application; includeInIndex = 0; path = ContributionCenter.app; sourceTree = BUILT_PRODUCTS_DIR; };
		CB2F5DC01AE7173800A1E0A6 /* Info.plist */ = {isa = PBXFileReference; lastKnownFileType = text.plist.xml; path = Info.plist; sourceTree = "<group>"; };
		CB2F5DC11AE7173800A1E0A6 /* AppDelegate.swift */ = {isa = PBXFileReference; lastKnownFileType = sourcecode.swift; path = AppDelegate.swift; sourceTree = "<group>"; };
		CB2F5DC41AE7173900A1E0A6 /* ContributionCenter.xcdatamodel */ = {isa = PBXFileReference; lastKnownFileType = wrapper.xcdatamodel; path = ContributionCenter.xcdatamodel; sourceTree = "<group>"; };
		CB2F5DC91AE7173A00A1E0A6 /* Base */ = {isa = PBXFileReference; lastKnownFileType = file.storyboard; name = Base; path = Base.lproj/Main.storyboard; sourceTree = "<group>"; };
		CB2F5DCB1AE7173B00A1E0A6 /* Images.xcassets */ = {isa = PBXFileReference; lastKnownFileType = folder.assetcatalog; path = Images.xcassets; sourceTree = "<group>"; };
		CB2F5DCE1AE7173B00A1E0A6 /* Base */ = {isa = PBXFileReference; lastKnownFileType = file.xib; name = Base; path = Base.lproj/LaunchScreen.xib; sourceTree = "<group>"; };
		CB2F5DD41AE7173B00A1E0A6 /* ContributionCenterTests.xctest */ = {isa = PBXFileReference; explicitFileType = wrapper.cfbundle; includeInIndex = 0; path = ContributionCenterTests.xctest; sourceTree = BUILT_PRODUCTS_DIR; };
		CB2F5DD91AE7173B00A1E0A6 /* Info.plist */ = {isa = PBXFileReference; lastKnownFileType = text.plist.xml; path = Info.plist; sourceTree = "<group>"; };
		CB2F5DDA1AE7173B00A1E0A6 /* ContributionCenterTests.swift */ = {isa = PBXFileReference; lastKnownFileType = sourcecode.swift; path = ContributionCenterTests.swift; sourceTree = "<group>"; };
		CB6AEFFD1AF5FCC900529859 /* AuthenticatedViewController.swift */ = {isa = PBXFileReference; fileEncoding = 4; lastKnownFileType = sourcecode.swift; path = AuthenticatedViewController.swift; sourceTree = "<group>"; };
		CB6AEFFF1AF6C93900529859 /* QRAuthenticationViewController.swift */ = {isa = PBXFileReference; fileEncoding = 4; lastKnownFileType = sourcecode.swift; path = QRAuthenticationViewController.swift; sourceTree = "<group>"; };
		CB6CE8BF1AFBCDDB00AC8897 /* MenuViewController.swift */ = {isa = PBXFileReference; fileEncoding = 4; lastKnownFileType = sourcecode.swift; path = MenuViewController.swift; sourceTree = "<group>"; };
		CB6EF5E51AEAD02100508E2F /* LogInViewController.swift */ = {isa = PBXFileReference; fileEncoding = 4; lastKnownFileType = sourcecode.swift; path = LogInViewController.swift; sourceTree = "<group>"; };
		CB81E3C21AFAD5D800D79DC0 /* QRGenerator.swift */ = {isa = PBXFileReference; fileEncoding = 4; lastKnownFileType = sourcecode.swift; path = QRGenerator.swift; sourceTree = "<group>"; };
		CBDDD57E1AFDDC4D009D3068 /* AVSideBarController.swift */ = {isa = PBXFileReference; fileEncoding = 4; lastKnownFileType = sourcecode.swift; path = AVSideBarController.swift; sourceTree = "<group>"; };
/* End PBXFileReference section */

/* Begin PBXFrameworksBuildPhase section */
		CB2F5DB91AE7173800A1E0A6 /* Frameworks */ = {
			isa = PBXFrameworksBuildPhase;
			buildActionMask = 2147483647;
			files = (
				CB187C2E1AF2A85A000311F6 /* libsqlite3.dylib in Frameworks */,
				CB187C2C1AF2A84C000311F6 /* libz.dylib in Frameworks */,
				CB187C2A1AF2A83D000311F6 /* SystemConfiguration.framework in Frameworks */,
				CB187C281AF2A834000311F6 /* StoreKit.framework in Frameworks */,
				CB187C261AF2A82A000311F6 /* Security.framework in Frameworks */,
				CB187C241AF2A821000311F6 /* QuartzCore.framework in Frameworks */,
				CB187C221AF2A818000311F6 /* MobileCoreServices.framework in Frameworks */,
				CB187C201AF2A80D000311F6 /* CoreLocation.framework in Frameworks */,
				CB187C1E1AF2A803000311F6 /* CoreGraphics.framework in Frameworks */,
				CB187C1C1AF2A7F8000311F6 /* CFNetwork.framework in Frameworks */,
				CB187C1A1AF2A7F0000311F6 /* AudioToolbox.framework in Frameworks */,
				CB187C171AF2A760000311F6 /* Parse.framework in Frameworks */,
				CB187C161AF2A760000311F6 /* Bolts.framework in Frameworks */,
			);
			runOnlyForDeploymentPostprocessing = 0;
		};
		CB2F5DD11AE7173B00A1E0A6 /* Frameworks */ = {
			isa = PBXFrameworksBuildPhase;
			buildActionMask = 2147483647;
			files = (
			);
			runOnlyForDeploymentPostprocessing = 0;
		};
/* End PBXFrameworksBuildPhase section */

/* Begin PBXGroup section */
		CB187C181AF2A775000311F6 /* Frameworks */ = {
			isa = PBXGroup;
			children = (
				CB187C2D1AF2A85A000311F6 /* libsqlite3.dylib */,
				CB187C2B1AF2A84C000311F6 /* libz.dylib */,
				CB187C291AF2A83D000311F6 /* SystemConfiguration.framework */,
				CB187C271AF2A834000311F6 /* StoreKit.framework */,
				CB187C251AF2A82A000311F6 /* Security.framework */,
				CB187C231AF2A821000311F6 /* QuartzCore.framework */,
				CB187C211AF2A818000311F6 /* MobileCoreServices.framework */,
				CB187C1F1AF2A80D000311F6 /* CoreLocation.framework */,
				CB187C1D1AF2A803000311F6 /* CoreGraphics.framework */,
				CB187C1B1AF2A7F8000311F6 /* CFNetwork.framework */,
				CB187C191AF2A7F0000311F6 /* AudioToolbox.framework */,
				CB187C141AF2A760000311F6 /* Bolts.framework */,
				CB187C151AF2A760000311F6 /* Parse.framework */,
			);
			name = Frameworks;
			path = ContributionCenter;
			sourceTree = "<group>";
		};
		CB2F5DB31AE7173700A1E0A6 = {
			isa = PBXGroup;
			children = (
				CB2F5DBE1AE7173800A1E0A6 /* ContributionCenter */,
				CB187C181AF2A775000311F6 /* Frameworks */,
				CB2F5DD71AE7173B00A1E0A6 /* ContributionCenterTests */,
				CB2F5DBD1AE7173800A1E0A6 /* Products */,
			);
			sourceTree = "<group>";
		};
		CB2F5DBD1AE7173800A1E0A6 /* Products */ = {
			isa = PBXGroup;
			children = (
				CB2F5DBC1AE7173800A1E0A6 /* ContributionCenter.app */,
				CB2F5DD41AE7173B00A1E0A6 /* ContributionCenterTests.xctest */,
			);
			name = Products;
			sourceTree = "<group>";
		};
		CB2F5DBE1AE7173800A1E0A6 /* ContributionCenter */ = {
			isa = PBXGroup;
			children = (
				CB81E3C21AFAD5D800D79DC0 /* QRGenerator.swift */,
				CB2F5DC11AE7173800A1E0A6 /* AppDelegate.swift */,
				CB2F5DC81AE7173A00A1E0A6 /* Main.storyboard */,
				CBDDD57E1AFDDC4D009D3068 /* AVSideBarController.swift */,
				CB6AF0011AF8001F00529859 /* ViewControllers */,
				CB2F5DCB1AE7173B00A1E0A6 /* Images.xcassets */,
				CB2F5DCD1AE7173B00A1E0A6 /* LaunchScreen.xib */,
				CB2F5DC31AE7173900A1E0A6 /* ContributionCenter.xcdatamodeld */,
				CB2F5DBF1AE7173800A1E0A6 /* Supporting Files */,
			);
			path = ContributionCenter;
			sourceTree = "<group>";
		};
		CB2F5DBF1AE7173800A1E0A6 /* Supporting Files */ = {
			isa = PBXGroup;
			children = (
				CB2F5DC01AE7173800A1E0A6 /* Info.plist */,
			);
			name = "Supporting Files";
			sourceTree = "<group>";
		};
		CB2F5DD71AE7173B00A1E0A6 /* ContributionCenterTests */ = {
			isa = PBXGroup;
			children = (
				CB2F5DDA1AE7173B00A1E0A6 /* ContributionCenterTests.swift */,
				CB2F5DD81AE7173B00A1E0A6 /* Supporting Files */,
			);
			path = ContributionCenterTests;
			sourceTree = "<group>";
		};
		CB2F5DD81AE7173B00A1E0A6 /* Supporting Files */ = {
			isa = PBXGroup;
			children = (
				CB2F5DD91AE7173B00A1E0A6 /* Info.plist */,
			);
			name = "Supporting Files";
			sourceTree = "<group>";
		};
		CB6AF0011AF8001F00529859 /* ViewControllers */ = {
			isa = PBXGroup;
			children = (
				CB6CE8BF1AFBCDDB00AC8897 /* MenuViewController.swift */,
				CB6AEFFF1AF6C93900529859 /* QRAuthenticationViewController.swift */,
				CB27C9191AFABC7300DF3B61 /* QRBaseViewController.swift */,
				CB6AEFFD1AF5FCC900529859 /* AuthenticatedViewController.swift */,
				CB6EF5E51AEAD02100508E2F /* LogInViewController.swift */,
			);
			name = ViewControllers;
			sourceTree = "<group>";
		};
/* End PBXGroup section */

/* Begin PBXNativeTarget section */
		CB2F5DBB1AE7173800A1E0A6 /* ContributionCenter */ = {
			isa = PBXNativeTarget;
			buildConfigurationList = CB2F5DDE1AE7173B00A1E0A6 /* Build configuration list for PBXNativeTarget "ContributionCenter" */;
			buildPhases = (
				CB2F5DB81AE7173800A1E0A6 /* Sources */,
				CB2F5DB91AE7173800A1E0A6 /* Frameworks */,
				CB2F5DBA1AE7173800A1E0A6 /* Resources */,
			);
			buildRules = (
			);
			dependencies = (
			);
			name = ContributionCenter;
			productName = ContributionCenter;
			productReference = CB2F5DBC1AE7173800A1E0A6 /* ContributionCenter.app */;
			productType = "com.apple.product-type.application";
		};
		CB2F5DD31AE7173B00A1E0A6 /* ContributionCenterTests */ = {
			isa = PBXNativeTarget;
			buildConfigurationList = CB2F5DE11AE7173B00A1E0A6 /* Build configuration list for PBXNativeTarget "ContributionCenterTests" */;
			buildPhases = (
				CB2F5DD01AE7173B00A1E0A6 /* Sources */,
				CB2F5DD11AE7173B00A1E0A6 /* Frameworks */,
				CB2F5DD21AE7173B00A1E0A6 /* Resources */,
			);
			buildRules = (
			);
			dependencies = (
				CB2F5DD61AE7173B00A1E0A6 /* PBXTargetDependency */,
			);
			name = ContributionCenterTests;
			productName = ContributionCenterTests;
			productReference = CB2F5DD41AE7173B00A1E0A6 /* ContributionCenterTests.xctest */;
			productType = "com.apple.product-type.bundle.unit-test";
		};
/* End PBXNativeTarget section */

/* Begin PBXProject section */
		CB2F5DB41AE7173700A1E0A6 /* Project object */ = {
			isa = PBXProject;
			attributes = {
				LastUpgradeCheck = 0630;
				ORGANIZATIONNAME = "Abad Vera";
				TargetAttributes = {
					CB2F5DBB1AE7173800A1E0A6 = {
						CreatedOnToolsVersion = 6.3;
						DevelopmentTeam = 2D36LT9T38;
					};
					CB2F5DD31AE7173B00A1E0A6 = {
						CreatedOnToolsVersion = 6.3;
						TestTargetID = CB2F5DBB1AE7173800A1E0A6;
					};
				};
			};
			buildConfigurationList = CB2F5DB71AE7173700A1E0A6 /* Build configuration list for PBXProject "ContributionCenter" */;
			compatibilityVersion = "Xcode 3.2";
			developmentRegion = English;
			hasScannedForEncodings = 0;
			knownRegions = (
				en,
				Base,
			);
			mainGroup = CB2F5DB31AE7173700A1E0A6;
			productRefGroup = CB2F5DBD1AE7173800A1E0A6 /* Products */;
			projectDirPath = "";
			projectRoot = "";
			targets = (
				CB2F5DBB1AE7173800A1E0A6 /* ContributionCenter */,
				CB2F5DD31AE7173B00A1E0A6 /* ContributionCenterTests */,
			);
		};
/* End PBXProject section */

/* Begin PBXResourcesBuildPhase section */
		CB2F5DBA1AE7173800A1E0A6 /* Resources */ = {
			isa = PBXResourcesBuildPhase;
			buildActionMask = 2147483647;
			files = (
				CB2F5DCA1AE7173A00A1E0A6 /* Main.storyboard in Resources */,
				CB2F5DCF1AE7173B00A1E0A6 /* LaunchScreen.xib in Resources */,
				CB2F5DCC1AE7173B00A1E0A6 /* Images.xcassets in Resources */,
			);
			runOnlyForDeploymentPostprocessing = 0;
		};
		CB2F5DD21AE7173B00A1E0A6 /* Resources */ = {
			isa = PBXResourcesBuildPhase;
			buildActionMask = 2147483647;
			files = (
			);
			runOnlyForDeploymentPostprocessing = 0;
		};
/* End PBXResourcesBuildPhase section */

/* Begin PBXSourcesBuildPhase section */
		CB2F5DB81AE7173800A1E0A6 /* Sources */ = {
			isa = PBXSourcesBuildPhase;
			buildActionMask = 2147483647;
			files = (
				CB6EF5E61AEAD02100508E2F /* LogInViewController.swift in Sources */,
				CB6AF0001AF6C93900529859 /* QRAuthenticationViewController.swift in Sources */,
				CB2F5DC51AE7173900A1E0A6 /* ContributionCenter.xcdatamodeld in Sources */,
				CB6AEFFE1AF5FCC900529859 /* AuthenticatedViewController.swift in Sources */,
				CB27C91A1AFABC7300DF3B61 /* QRBaseViewController.swift in Sources */,
				CBDDD57F1AFDDC4D009D3068 /* AVSideBarController.swift in Sources */,
				CB2F5DC21AE7173800A1E0A6 /* AppDelegate.swift in Sources */,
				CB81E3C31AFAD5D800D79DC0 /* QRGenerator.swift in Sources */,
				CB6CE8C01AFBCDDB00AC8897 /* MenuViewController.swift in Sources */,
			);
			runOnlyForDeploymentPostprocessing = 0;
		};
		CB2F5DD01AE7173B00A1E0A6 /* Sources */ = {
			isa = PBXSourcesBuildPhase;
			buildActionMask = 2147483647;
			files = (
				CB2F5DDB1AE7173B00A1E0A6 /* ContributionCenterTests.swift in Sources */,
			);
			runOnlyForDeploymentPostprocessing = 0;
		};
/* End PBXSourcesBuildPhase section */

/* Begin PBXTargetDependency section */
		CB2F5DD61AE7173B00A1E0A6 /* PBXTargetDependency */ = {
			isa = PBXTargetDependency;
			target = CB2F5DBB1AE7173800A1E0A6 /* ContributionCenter */;
			targetProxy = CB2F5DD51AE7173B00A1E0A6 /* PBXContainerItemProxy */;
		};
/* End PBXTargetDependency section */

/* Begin PBXVariantGroup section */
		CB2F5DC81AE7173A00A1E0A6 /* Main.storyboard */ = {
			isa = PBXVariantGroup;
			children = (
				CB2F5DC91AE7173A00A1E0A6 /* Base */,
			);
			name = Main.storyboard;
			sourceTree = "<group>";
		};
		CB2F5DCD1AE7173B00A1E0A6 /* LaunchScreen.xib */ = {
			isa = PBXVariantGroup;
			children = (
				CB2F5DCE1AE7173B00A1E0A6 /* Base */,
			);
			name = LaunchScreen.xib;
			sourceTree = "<group>";
		};
/* End PBXVariantGroup section */

/* Begin XCBuildConfiguration section */
		CB2F5DDC1AE7173B00A1E0A6 /* Debug */ = {
			isa = XCBuildConfiguration;
			buildSettings = {
				ALWAYS_SEARCH_USER_PATHS = NO;
				CLANG_CXX_LANGUAGE_STANDARD = "gnu++0x";
				CLANG_CXX_LIBRARY = "libc++";
				CLANG_ENABLE_MODULES = YES;
				CLANG_ENABLE_OBJC_ARC = YES;
				CLANG_WARN_BOOL_CONVERSION = YES;
				CLANG_WARN_CONSTANT_CONVERSION = YES;
				CLANG_WARN_DIRECT_OBJC_ISA_USAGE = YES_ERROR;
				CLANG_WARN_EMPTY_BODY = YES;
				CLANG_WARN_ENUM_CONVERSION = YES;
				CLANG_WARN_INT_CONVERSION = YES;
				CLANG_WARN_OBJC_ROOT_CLASS = YES_ERROR;
				CLANG_WARN_UNREACHABLE_CODE = YES;
				CLANG_WARN__DUPLICATE_METHOD_MATCH = YES;
				"CODE_SIGN_IDENTITY[sdk=iphoneos*]" = "iPhone Developer";
				COPY_PHASE_STRIP = NO;
				DEBUG_INFORMATION_FORMAT = "dwarf-with-dsym";
				ENABLE_STRICT_OBJC_MSGSEND = YES;
				GCC_C_LANGUAGE_STANDARD = gnu99;
				GCC_DYNAMIC_NO_PIC = NO;
				GCC_NO_COMMON_BLOCKS = YES;
				GCC_OPTIMIZATION_LEVEL = 0;
				GCC_PREPROCESSOR_DEFINITIONS = (
					"DEBUG=1",
					"$(inherited)",
				);
				GCC_SYMBOLS_PRIVATE_EXTERN = NO;
				GCC_WARN_64_TO_32_BIT_CONVERSION = YES;
				GCC_WARN_ABOUT_RETURN_TYPE = YES_ERROR;
				GCC_WARN_UNDECLARED_SELECTOR = YES;
				GCC_WARN_UNINITIALIZED_AUTOS = YES_AGGRESSIVE;
				GCC_WARN_UNUSED_FUNCTION = YES;
				GCC_WARN_UNUSED_VARIABLE = YES;
				IPHONEOS_DEPLOYMENT_TARGET = 8.0;
				MTL_ENABLE_DEBUG_INFO = YES;
				ONLY_ACTIVE_ARCH = YES;
				SDKROOT = iphoneos;
				SWIFT_OPTIMIZATION_LEVEL = "-Onone";
				TARGETED_DEVICE_FAMILY = "1,2";
			};
			name = Debug;
		};
		CB2F5DDD1AE7173B00A1E0A6 /* Release */ = {
			isa = XCBuildConfiguration;
			buildSettings = {
				ALWAYS_SEARCH_USER_PATHS = NO;
				CLANG_CXX_LANGUAGE_STANDARD = "gnu++0x";
				CLANG_CXX_LIBRARY = "libc++";
				CLANG_ENABLE_MODULES = YES;
				CLANG_ENABLE_OBJC_ARC = YES;
				CLANG_WARN_BOOL_CONVERSION = YES;
				CLANG_WARN_CONSTANT_CONVERSION = YES;
				CLANG_WARN_DIRECT_OBJC_ISA_USAGE = YES_ERROR;
				CLANG_WARN_EMPTY_BODY = YES;
				CLANG_WARN_ENUM_CONVERSION = YES;
				CLANG_WARN_INT_CONVERSION = YES;
				CLANG_WARN_OBJC_ROOT_CLASS = YES_ERROR;
				CLANG_WARN_UNREACHABLE_CODE = YES;
				CLANG_WARN__DUPLICATE_METHOD_MATCH = YES;
				"CODE_SIGN_IDENTITY[sdk=iphoneos*]" = "iPhone Developer";
				COPY_PHASE_STRIP = NO;
				DEBUG_INFORMATION_FORMAT = "dwarf-with-dsym";
				ENABLE_NS_ASSERTIONS = NO;
				ENABLE_STRICT_OBJC_MSGSEND = YES;
				GCC_C_LANGUAGE_STANDARD = gnu99;
				GCC_NO_COMMON_BLOCKS = YES;
				GCC_WARN_64_TO_32_BIT_CONVERSION = YES;
				GCC_WARN_ABOUT_RETURN_TYPE = YES_ERROR;
				GCC_WARN_UNDECLARED_SELECTOR = YES;
				GCC_WARN_UNINITIALIZED_AUTOS = YES_AGGRESSIVE;
				GCC_WARN_UNUSED_FUNCTION = YES;
				GCC_WARN_UNUSED_VARIABLE = YES;
				IPHONEOS_DEPLOYMENT_TARGET = 8.0;
				MTL_ENABLE_DEBUG_INFO = NO;
				SDKROOT = iphoneos;
				TARGETED_DEVICE_FAMILY = "1,2";
				VALIDATE_PRODUCT = YES;
			};
			name = Release;
		};
		CB2F5DDF1AE7173B00A1E0A6 /* Debug */ = {
			isa = XCBuildConfiguration;
			buildSettings = {
				ASSETCATALOG_COMPILER_APPICON_NAME = AppIcon;
				CODE_SIGN_IDENTITY = "iPhone Developer";
				FRAMEWORK_SEARCH_PATHS = (
					"$(inherited)",
					"$(PROJECT_DIR)/ContributionCenter",
				);
				INFOPLIST_FILE = ContributionCenter/Info.plist;
				IPHONEOS_DEPLOYMENT_TARGET = 8.0;
				LD_RUNPATH_SEARCH_PATHS = "$(inherited) @executable_path/Frameworks";
				PRODUCT_NAME = "$(TARGET_NAME)";
			};
			name = Debug;
		};
		CB2F5DE01AE7173B00A1E0A6 /* Release */ = {
			isa = XCBuildConfiguration;
			buildSettings = {
				ASSETCATALOG_COMPILER_APPICON_NAME = AppIcon;
				CODE_SIGN_IDENTITY = "iPhone Developer";
				FRAMEWORK_SEARCH_PATHS = (
					"$(inherited)",
					"$(PROJECT_DIR)/ContributionCenter",
				);
				INFOPLIST_FILE = ContributionCenter/Info.plist;
				IPHONEOS_DEPLOYMENT_TARGET = 8.0;
				LD_RUNPATH_SEARCH_PATHS = "$(inherited) @executable_path/Frameworks";
				PRODUCT_NAME = "$(TARGET_NAME)";
			};
			name = Release;
		};
		CB2F5DE21AE7173B00A1E0A6 /* Debug */ = {
			isa = XCBuildConfiguration;
			buildSettings = {
				BUNDLE_LOADER = "$(TEST_HOST)";
				FRAMEWORK_SEARCH_PATHS = (
					"$(SDKROOT)/Developer/Library/Frameworks",
					"$(inherited)",
				);
				GCC_PREPROCESSOR_DEFINITIONS = (
					"DEBUG=1",
					"$(inherited)",
				);
				INFOPLIST_FILE = ContributionCenterTests/Info.plist;
				LD_RUNPATH_SEARCH_PATHS = "$(inherited) @executable_path/Frameworks @loader_path/Frameworks";
				PRODUCT_NAME = "$(TARGET_NAME)";
				TEST_HOST = "$(BUILT_PRODUCTS_DIR)/ContributionCenter.app/ContributionCenter";
			};
			name = Debug;
		};
		CB2F5DE31AE7173B00A1E0A6 /* Release */ = {
			isa = XCBuildConfiguration;
			buildSettings = {
				BUNDLE_LOADER = "$(TEST_HOST)";
				FRAMEWORK_SEARCH_PATHS = (
					"$(SDKROOT)/Developer/Library/Frameworks",
					"$(inherited)",
				);
				INFOPLIST_FILE = ContributionCenterTests/Info.plist;
				LD_RUNPATH_SEARCH_PATHS = "$(inherited) @executable_path/Frameworks @loader_path/Frameworks";
				PRODUCT_NAME = "$(TARGET_NAME)";
				TEST_HOST = "$(BUILT_PRODUCTS_DIR)/ContributionCenter.app/ContributionCenter";
			};
			name = Release;
		};
/* End XCBuildConfiguration section */

/* Begin XCConfigurationList section */
		CB2F5DB71AE7173700A1E0A6 /* Build configuration list for PBXProject "ContributionCenter" */ = {
			isa = XCConfigurationList;
			buildConfigurations = (
				CB2F5DDC1AE7173B00A1E0A6 /* Debug */,
				CB2F5DDD1AE7173B00A1E0A6 /* Release */,
			);
			defaultConfigurationIsVisible = 0;
			defaultConfigurationName = Release;
		};
		CB2F5DDE1AE7173B00A1E0A6 /* Build configuration list for PBXNativeTarget "ContributionCenter" */ = {
			isa = XCConfigurationList;
			buildConfigurations = (
				CB2F5DDF1AE7173B00A1E0A6 /* Debug */,
				CB2F5DE01AE7173B00A1E0A6 /* Release */,
			);
			defaultConfigurationIsVisible = 0;
			defaultConfigurationName = Release;
		};
		CB2F5DE11AE7173B00A1E0A6 /* Build configuration list for PBXNativeTarget "ContributionCenterTests" */ = {
			isa = XCConfigurationList;
			buildConfigurations = (
				CB2F5DE21AE7173B00A1E0A6 /* Debug */,
				CB2F5DE31AE7173B00A1E0A6 /* Release */,
			);
			defaultConfigurationIsVisible = 0;
			defaultConfigurationName = Release;
		};
/* End XCConfigurationList section */

/* Begin XCVersionGroup section */
		CB2F5DC31AE7173900A1E0A6 /* ContributionCenter.xcdatamodeld */ = {
			isa = XCVersionGroup;
			children = (
				CB2F5DC41AE7173900A1E0A6 /* ContributionCenter.xcdatamodel */,
			);
			currentVersion = CB2F5DC41AE7173900A1E0A6 /* ContributionCenter.xcdatamodel */;
			path = ContributionCenter.xcdatamodeld;
			sourceTree = "<group>";
			versionGroupType = wrapper.xcdatamodel;
		};
/* End XCVersionGroup section */
	};
	rootObject = CB2F5DB41AE7173700A1E0A6 /* Project object */;
}
